
Microsoft Visual Studio Solution File, Format Version 12.00
Project("{FAE04EC0-301F-11D3-BF4B-00C04F79EFBC}") = "DownloadCleaner", "DownloadCleaner\DownloadCleaner.csproj", "{2AC256B2-92DB-4556-AEE6-D5EFB8FF9808}"
EndProject
Global
	GlobalSection(SolutionConfigurationPlatforms) = preSolution
		Debug|Any CPU = Debug|Any CPU
		Release|Any CPU = Release|Any CPU
	EndGlobalSection
	GlobalSection(ProjectConfigurationPlatforms) = postSolution
		{2AC256B2-92DB-4556-AEE6-D5EFB8FF9808}.Debug|Any CPU.ActiveCfg = Debug|Any CPU
		{2AC256B2-92DB-4556-AEE6-D5EFB8FF9808}.Debug|Any CPU.Build.0 = Debug|Any CPU
		{2AC256B2-92DB-4556-AEE6-D5EFB8FF9808}.Release|Any CPU.ActiveCfg = Release|Any CPU
		{2AC256B2-92DB-4556-AEE6-D5EFB8FF9808}.Release|Any CPU.Build.0 = Release|Any CPU
	EndGlobalSection
EndGlobal
